{
    "_readme": [
        "This file locks the dependencies of your project to a known state",
        "Read more about it at https://getcomposer.org/doc/01-basic-usage.md#composer-lock-the-lock-file",
        "This file is @generated automatically"
    ],
    "content-hash": "f75600ad26c6bcb0527e720e2db73c61",
    "packages": [
        {
            "name": "mountpoint/curl",
            "version": "0.1.2",
            "source": {
                "type": "git",
                "url": "https://github.com/mountpoint/curl.git",
                "reference": "06a6a3b5fdf3436fd449239e4882b4aacd890a07"
            },
            "dist": {
                "type": "zip",
                "url": "https://api.github.com/repos/mountpoint/curl/zipball/06a6a3b5fdf3436fd449239e4882b4aacd890a07",
                "reference": "06a6a3b5fdf3436fd449239e4882b4aacd890a07",
                "shasum": ""
            },
            "require": {
                "php": ">=5.6.0"
            },
            "type": "library",
            "autoload": {
                "psr-4": {
                    "Mountpoint\\Curl\\": "src"
                }
            },
            "notification-url": "https://packagist.org/downloads/",
            "license": [
                "MIT"
            ],
            "authors": [
                {
                    "name": "Andy Rad",
                    "email": "mountpoint@mail.ru"
                }
            ],
            "description": "A tiny cURL wrapper",
            "time": "2017-09-20T12:40:20+00:00"
        }
    ],
    "packages-dev": [],
    "aliases": [],
    "minimum-stability": "dev",
    "stability-flags": [],
    "prefer-stable": true,
    "prefer-lowest": false,
    "platform": [],
    "platform-dev": []
}
