{
    "_readme": [
        "This file locks the dependencies of your project to a known state",
        "Read more about it at https://getcomposer.org/doc/01-basic-usage.md#composer-lock-the-lock-file",
        "This file is @generated automatically"
    ],
    "content-hash": "9874f994a67ed4cb1313db0db7f11b4d",
    "packages": [
        {
            "name": "mountpoint/curl",
            "version": "0.1.0",
            "source": {
                "type": "git",
                "url": "https://github.com/mountpoint/curl.git",
                "reference": "44f115bb6911ff02d79464be7837911c18f9e60c"
            },
            "dist": {
                "type": "zip",
                "url": "https://api.github.com/repos/mountpoint/curl/zipball/44f115bb6911ff02d79464be7837911c18f9e60c",
                "reference": "44f115bb6911ff02d79464be7837911c18f9e60c",
                "shasum": ""
            },
            "require": {
                "php": ">=5.6.0"
            },
            "type": "library",
            "autoload": {
                "psr-4": {
                    "Mountpoint\\": "src"
                }
            },
            "notification-url": "https://packagist.org/downloads/",
            "license": [
                "MIT"
            ],
            "authors": [
                {
                    "name": "Andrey Radzihovskiy",
                    "email": "mountpoint@mail.ru"
                }
            ],
            "description": "A tiny cURL wrapper",
            "time": "2017-04-04T07:01:26+00:00"
        }
    ],
    "packages-dev": [],
    "aliases": [],
    "minimum-stability": "dev",
    "stability-flags": [],
    "prefer-stable": false,
    "prefer-lowest": false,
    "platform": [],
    "platform-dev": []
}
